
Microsoft Visual Studio Solution File, Format Version 12.00
# Visual Studio Version 17
VisualStudioVersion = 17.1.32407.343
MinimumVisualStudioVersion = 10.0.40219.1
Project("{2150E333-8FDC-42A3-9474-1A3956D46DE8}") = "src", "src", "{419A6ACE-0419-4315-A6FB-B0E63D39432E}"
EndProject
Project("{9A19103F-16F7-4668-BE54-9A1E7A4F7556}") = "Web", "src\Web\Web.csproj", "{9CB6566E-E86A-4C07-BB8D-E0B95BCD4BD2}"
EndProject
Project("{9A19103F-16F7-4668-BE54-9A1E7A4F7556}") = "Infrastructure", "src\Infrastructure\Infrastructure.csproj", "{7C461394-ABDC-43CD-A798-71249C58BA67}"
EndProject
Project("{9A19103F-16F7-4668-BE54-9A1E7A4F7556}") = "ApplicationCore", "src\ApplicationCore\ApplicationCore.csproj", "{7FED7440-2311-4D1E-958B-3E887C585CD2}"
EndProject
Project("{2150E333-8FDC-42A3-9474-1A3956D46DE8}") = "info", "info", "{723B95A0-0E69-417A-AD07-7C119585080B}"
	ProjectSection(SolutionItems) = preProject
		CONTRIBUTING.md = CONTRIBUTING.md
		LICENSE = LICENSE
		PRIVACY = PRIVACY
		README.md = README.md
	EndProjectSection
EndProject
Project("{2150E333-8FDC-42A3-9474-1A3956D46DE8}") = "docs", "docs", "{31E6802C-EA18-41FB-8392-4DC40DFF3184}"
	ProjectSection(SolutionItems) = preProject
		docs\Account sign in (Account Protection) - Approved and rejected sign in flows.md = docs\Account sign in (Account Protection) - Approved and rejected sign in flows.md
		docs\Account sign up (Account Protection) - Approved and rejected sign up flows.md = docs\Account sign up (Account Protection) - Approved and rejected sign up flows.md
		docs\Account updates - Update credit cards.md = docs\Account updates - Update credit cards.md
		docs\Account updates - Update user profile.md = docs\Account updates - Update user profile.md
		docs\Authenticate and call Fraud Protection.md = docs\Authenticate and call Fraud Protection.md
		docs\Configure the sample site.md = docs\Configure the sample site.md
		docs\Make a purchase - Approved purchase flow.md = docs\Make a purchase - Approved purchase flow.md
		docs\Make a purchase - Existing user.md = docs\Make a purchase - Existing user.md
		docs\Make a purchase - Guest user.md = docs\Make a purchase - Guest user.md
		docs\Make a purchase - Handle the Fraud Protection purchase response.md = docs\Make a purchase - Handle the Fraud Protection purchase response.md
		docs\Make a purchase - Rejected purchase flow.md = docs\Make a purchase - Rejected purchase flow.md
		docs\README.md = docs\README.md
		docs\Record a chargeback.md = docs\Record a chargeback.md
		docs\Record a refund.md = docs\Record a refund.md
		docs\Send additional fraud signals using labels.md = docs\Send additional fraud signals using labels.md
	EndProjectSection
EndProject
Global
	GlobalSection(SolutionConfigurationPlatforms) = preSolution
		Debug|Any CPU = Debug|Any CPU
		Release|Any CPU = Release|Any CPU
	EndGlobalSection
	GlobalSection(ProjectConfigurationPlatforms) = postSolution
		{9CB6566E-E86A-4C07-BB8D-E0B95BCD4BD2}.Debug|Any CPU.ActiveCfg = Debug|Any CPU
		{9CB6566E-E86A-4C07-BB8D-E0B95BCD4BD2}.Debug|Any CPU.Build.0 = Debug|Any CPU
		{9CB6566E-E86A-4C07-BB8D-E0B95BCD4BD2}.Release|Any CPU.ActiveCfg = Release|Any CPU
		{9CB6566E-E86A-4C07-BB8D-E0B95BCD4BD2}.Release|Any CPU.Build.0 = Release|Any CPU
		{7C461394-ABDC-43CD-A798-71249C58BA67}.Debug|Any CPU.ActiveCfg = Debug|Any CPU
		{7C461394-ABDC-43CD-A798-71249C58BA67}.Debug|Any CPU.Build.0 = Debug|Any CPU
		{7C461394-ABDC-43CD-A798-71249C58BA67}.Release|Any CPU.ActiveCfg = Release|Any CPU
		{7C461394-ABDC-43CD-A798-71249C58BA67}.Release|Any CPU.Build.0 = Release|Any CPU
		{7FED7440-2311-4D1E-958B-3E887C585CD2}.Debug|Any CPU.ActiveCfg = Debug|Any CPU
		{7FED7440-2311-4D1E-958B-3E887C585CD2}.Debug|Any CPU.Build.0 = Debug|Any CPU
		{7FED7440-2311-4D1E-958B-3E887C585CD2}.Release|Any CPU.ActiveCfg = Release|Any CPU
		{7FED7440-2311-4D1E-958B-3E887C585CD2}.Release|Any CPU.Build.0 = Release|Any CPU
	EndGlobalSection
	GlobalSection(SolutionProperties) = preSolution
		HideSolutionNode = FALSE
	EndGlobalSection
	GlobalSection(NestedProjects) = preSolution
		{9CB6566E-E86A-4C07-BB8D-E0B95BCD4BD2} = {419A6ACE-0419-4315-A6FB-B0E63D39432E}
		{7C461394-ABDC-43CD-A798-71249C58BA67} = {419A6ACE-0419-4315-A6FB-B0E63D39432E}
		{7FED7440-2311-4D1E-958B-3E887C585CD2} = {419A6ACE-0419-4315-A6FB-B0E63D39432E}
	EndGlobalSection
	GlobalSection(ExtensibilityGlobals) = postSolution
		SolutionGuid = {49813262-5DA3-4D61-ABD3-493C74CE8C2B}
	EndGlobalSection
EndGlobal
